# Generated by conda-lock.
# platform: linux-64
# input_hash: 9cc2c2ad53214fa248fa556790bf37321004c22072dfe061d5338448910a28ec
@EXPLICIT
https://conda.anaconda.org/conda-forge/linux-64/_libgcc_mutex-0.1-conda_forge.tar.bz2#d7c89558ba9fa0495403155b64376d81
https://conda.anaconda.org/conda-forge/linux-64/ca-certificates-2021.5.30-ha878542_0.tar.bz2#6a777890e94194dc94a29a76d2a7e721
https://conda.anaconda.org/conda-forge/linux-64/libstdcxx-ng-11.2.0-he4da1e4_8.tar.bz2#cee237cb6cd08c65c2f74ada9524b768
https://conda.anaconda.org/conda-forge/linux-64/libgomp-11.2.0-h1d223b6_8.tar.bz2#9c5ec5d954d2009c6b267ed25346ef87
https://conda.anaconda.org/conda-forge/linux-64/_openmp_mutex-4.5-1_gnu.tar.bz2#561e277319a41d4f24f5c05a9ef63c04
https://conda.anaconda.org/conda-forge/linux-64/libgcc-ng-11.2.0-h1d223b6_8.tar.bz2#2de68a054a079032d30dcd54ebf2ecb9
https://conda.anaconda.org/conda-forge/linux-64/c-ares-1.17.2-h7f98852_0.tar.bz2#a25871010e5104556045aa01850fbddf
https://conda.anaconda.org/conda-forge/linux-64/icu-68.1-h58526e2_0.tar.bz2#fc7a4271dc2a7f4fd78cd63695baf7c3
https://conda.anaconda.org/conda-forge/linux-64/libev-4.33-h516909a_1.tar.bz2#6f8720dff19e17ce5d48cfe7f3d2f0a3
https://conda.anaconda.org/conda-forge/linux-64/libiconv-1.16-h516909a_0.tar.bz2#5c0f338a513a2943c659ae619fca9211
https://conda.anaconda.org/conda-forge/linux-64/ncurses-6.2-h58526e2_4.tar.bz2#509f2a21c4a09214cd737a480dfd80c9
https://conda.anaconda.org/conda-forge/linux-64/openssl-1.1.1l-h7f98852_0.tar.bz2#de7b38a1542dbe6f41653a8ae71adc53
https://conda.anaconda.org/conda-forge/linux-64/xz-5.2.5-h516909a_1.tar.bz2#33f601066901f3e1a85af3522a8113f9
https://conda.anaconda.org/conda-forge/linux-64/zlib-1.2.11-h516909a_1010.tar.bz2#339cc5584e6d26bc73a875ba900028c3
https://conda.anaconda.org/conda-forge/linux-64/libedit-3.1.20191231-he28a2e2_2.tar.bz2#4d331e44109e3f0e19b4cb8f9b82f3e1
https://conda.anaconda.org/conda-forge/linux-64/libfuse-2.9.9-ha1f6473_1.tar.bz2#15c42be0a3c5aebebf34e23f9b734bc4
https://conda.anaconda.org/conda-forge/linux-64/libnghttp2-1.43.0-h812cca2_0.tar.bz2#1867d1e9658596b3fac8847a7702eef4
https://conda.anaconda.org/conda-forge/linux-64/libssh2-1.10.0-ha56f1ee_0.tar.bz2#999b754fbf81618f1edadfb1204983a4
https://conda.anaconda.org/conda-forge/linux-64/libxml2-2.9.12-h72842e0_0.tar.bz2#bd14fdf5b9ee5568056a40a6a2f41866
https://conda.anaconda.org/conda-forge/linux-64/tk-8.6.11-h27826a3_1.tar.bz2#84e76fb280e735fec1efd2d21fd9cb27
https://conda.anaconda.org/conda-forge/linux-64/krb5-1.19.2-hcc1bbae_0.tar.bz2#81256fa86f9b65cf8ca726eeb3a7f283
https://conda.anaconda.org/conda-forge/linux-64/libcurl-7.79.0-h2574ce0_0.tar.bz2#2069d4230311ec429c796bc57060893a
https://conda.anaconda.org/conda-forge/linux-64/s3fs-fuse-1.90-hfb95d46_0.tar.bz2#a42891a034ee3cb9d6b6fd1b137fcce1
